{
  "requires": true,
  "lockfileVersion": 1,
  "dependencies": {
    "nouislider": {
      "version": "15.5.1",
      "resolved": "https://registry.npmjs.org/nouislider/-/nouislider-15.5.1.tgz",
      "integrity": "sha512-V8LNPhLPXLNjkgXLfyzDRGDeKvzZeaiIx5YagMiHnOMqgcRzT75jqvEZYXbSrEffXouwcEShSd8Vllm2Nkwqew=="
    }
  }
}
